{
  "version": 4,
  "terraform_version": "0.12.18",
  "serial": 206,
  "lineage": "0aa6bc23-48c9-1333-058b-2d36901dd2ca",
  "outputs": {},
  "resources": [
    {
      "mode": "managed",
      "type": "aws_iam_instance_profile",
      "name": "consul-join",
      "provider": "provider.aws",
      "instances": [
        {
          "schema_version": 0,
          "attributes": {
            "arn": "arn:aws:iam::915127894447:instance-profile/opsschool-consul-join",
            "create_date": "2019-12-15T20:53:40Z",
            "id": "opsschool-consul-join",
            "name": "opsschool-consul-join",
            "name_prefix": null,
            "path": "/",
            "role": "opsschool-consul-join",
            "roles": [],
            "unique_id": "AIPA5KEO7QGX2CRBHG4DV"
          },
          "private": "bnVsbA==",
          "dependencies": [
            "aws_iam_role.consul-join"
          ]
        }
      ]
    },
    {
      "mode": "managed",
      "type": "aws_iam_policy",
      "name": "consul-join",
      "provider": "provider.aws",
      "instances": [
        {
          "schema_version": 0,
          "attributes": {
            "arn": "arn:aws:iam::915127894447:policy/opsschool-consul-join",
            "description": "Allows Consul nodes to describe instances for joining.",
            "id": "arn:aws:iam::915127894447:policy/opsschool-consul-join",
            "name": "opsschool-consul-join",
            "name_prefix": null,
            "path": "/",
            "policy": "{\r\n  \"Version\": \"2012-10-17\",\r\n  \"Statement\": [\r\n    {\r\n      \"Effect\": \"Allow\",\r\n      \"Action\": \"ec2:DescribeInstances\",\r\n      \"Resource\": \"*\"\r\n    }\r\n  ]\r\n}"
          },
          "private": "bnVsbA=="
        }
      ]
    },
    {
      "mode": "managed",
      "type": "aws_iam_policy_attachment",
      "name": "consul-join",
      "provider": "provider.aws",
      "instances": [
        {
          "schema_version": 0,
          "attributes": {
            "groups": null,
            "id": "opsschool-consul-join",
            "name": "opsschool-consul-join",
            "policy_arn": "arn:aws:iam::915127894447:policy/opsschool-consul-join",
            "roles": [
              "opsschool-consul-join"
            ],
            "users": null
          },
          "private": "bnVsbA==",
          "dependencies": [
            "aws_iam_policy.consul-join",
            "aws_iam_role.consul-join"
          ]
        }
      ]
    },
    {
      "mode": "managed",
      "type": "aws_iam_role",
      "name": "consul-join",
      "provider": "provider.aws",
      "instances": [
        {
          "schema_version": 0,
          "attributes": {
            "arn": "arn:aws:iam::915127894447:role/opsschool-consul-join",
            "assume_role_policy": "{\"Version\":\"2012-10-17\",\"Statement\":[{\"Sid\":\"\",\"Effect\":\"Allow\",\"Principal\":{\"Service\":\"ec2.amazonaws.com\"},\"Action\":\"sts:AssumeRole\"}]}",
            "create_date": "2019-12-15T20:53:39Z",
            "description": "",
            "force_detach_policies": false,
            "id": "opsschool-consul-join",
            "max_session_duration": 3600,
            "name": "opsschool-consul-join",
            "name_prefix": null,
            "path": "/",
            "permissions_boundary": null,
            "tags": null,
            "unique_id": "AROA5KEO7QGX2TVMHCXXF"
          },
          "private": "bnVsbA=="
        }
      ]
    },
    {
      "mode": "managed",
      "type": "aws_instance",
      "name": "consul-server",
      "each": "list",
      "provider": "provider.aws",
      "instances": [
        {
          "index_key": 0,
          "schema_version": 1,
          "attributes": {
            "ami": "ami-024582e76075564db",
            "arn": "arn:aws:ec2:us-east-1:915127894447:instance/i-01b2539dcc40ac609",
            "associate_public_ip_address": true,
            "availability_zone": "us-east-1d",
            "cpu_core_count": 1,
            "cpu_threads_per_core": 1,
            "credit_specification": [
              {
                "cpu_credits": "standard"
              }
            ],
            "disable_api_termination": false,
            "ebs_block_device": [],
            "ebs_optimized": false,
            "ephemeral_block_device": [],
            "get_password_data": false,
            "host_id": null,
            "iam_instance_profile": "opsschool-consul-join",
            "id": "i-01b2539dcc40ac609",
            "instance_initiated_shutdown_behavior": null,
            "instance_state": "running",
            "instance_type": "t2.micro",
            "ipv6_address_count": 0,
            "ipv6_addresses": [],
            "key_name": "terraform",
            "monitoring": false,
            "network_interface": [],
            "network_interface_id": null,
            "password_data": "",
            "placement_group": "",
            "primary_network_interface_id": "eni-07be34670e8074767",
            "private_dns": "ip-172-31-90-122.ec2.internal",
            "private_ip": "172.31.90.122",
            "public_dns": "ec2-3-95-183-42.compute-1.amazonaws.com",
            "public_ip": "3.95.183.42",
            "root_block_device": [
              {
                "delete_on_termination": true,
                "encrypted": false,
                "iops": 100,
                "kms_key_id": "",
                "volume_id": "vol-09cb1fa6d5f9becba",
                "volume_size": 8,
                "volume_type": "gp2"
              }
            ],
            "security_groups": [
              "lesson1hw"
            ],
            "source_dest_check": true,
            "subnet_id": "subnet-abd5d485",
            "tags": {
              "Name": "consul-server0",
              "consul-server": "true"
            },
            "tenancy": "default",
            "timeouts": null,
            "user_data": "41bc6d11185a04d3e8c7a404641e322121dcf1a6",
            "user_data_base64": null,
            "volume_tags": {},
            "vpc_security_group_ids": [
              "sg-0e76b5fbe163fa2d4"
            ]
          },
          "private": "eyJlMmJmYjczMC1lY2FhLTExZTYtOGY4OC0zNDM2M2JjN2M0YzAiOnsiY3JlYXRlIjo2MDAwMDAwMDAwMDAsImRlbGV0ZSI6MTIwMDAwMDAwMDAwMCwidXBkYXRlIjo2MDAwMDAwMDAwMDB9LCJzY2hlbWFfdmVyc2lvbiI6IjEifQ==",
          "dependencies": [
            "aws_iam_instance_profile.consul-join",
            "aws_iam_role.consul-join",
            "aws_security_group.service-discovery-security-group"
          ]
        },
        {
          "index_key": 1,
          "schema_version": 1,
          "attributes": {
            "ami": "ami-024582e76075564db",
            "arn": "arn:aws:ec2:us-east-1:915127894447:instance/i-0f2a9768eeb48ebf9",
            "associate_public_ip_address": true,
            "availability_zone": "us-east-1d",
            "cpu_core_count": 1,
            "cpu_threads_per_core": 1,
            "credit_specification": [
              {
                "cpu_credits": "standard"
              }
            ],
            "disable_api_termination": false,
            "ebs_block_device": [],
            "ebs_optimized": false,
            "ephemeral_block_device": [],
            "get_password_data": false,
            "host_id": null,
            "iam_instance_profile": "opsschool-consul-join",
            "id": "i-0f2a9768eeb48ebf9",
            "instance_initiated_shutdown_behavior": null,
            "instance_state": "running",
            "instance_type": "t2.micro",
            "ipv6_address_count": 0,
            "ipv6_addresses": [],
            "key_name": "terraform",
            "monitoring": false,
            "network_interface": [],
            "network_interface_id": null,
            "password_data": "",
            "placement_group": "",
            "primary_network_interface_id": "eni-07f5cc9f36583efd6",
            "private_dns": "ip-172-31-87-86.ec2.internal",
            "private_ip": "172.31.87.86",
            "public_dns": "ec2-3-84-59-180.compute-1.amazonaws.com",
            "public_ip": "3.84.59.180",
            "root_block_device": [
              {
                "delete_on_termination": true,
                "encrypted": false,
                "iops": 100,
                "kms_key_id": "",
                "volume_id": "vol-0c7a16d07b8f7ce0a",
                "volume_size": 8,
                "volume_type": "gp2"
              }
            ],
            "security_groups": [
              "lesson1hw"
            ],
            "source_dest_check": true,
            "subnet_id": "subnet-abd5d485",
            "tags": {
              "Name": "consul-server1",
              "consul-server": "true"
            },
            "tenancy": "default",
            "timeouts": null,
            "user_data": "41bc6d11185a04d3e8c7a404641e322121dcf1a6",
            "user_data_base64": null,
            "volume_tags": {},
            "vpc_security_group_ids": [
              "sg-0e76b5fbe163fa2d4"
            ]
          },
          "private": "eyJlMmJmYjczMC1lY2FhLTExZTYtOGY4OC0zNDM2M2JjN2M0YzAiOnsiY3JlYXRlIjo2MDAwMDAwMDAwMDAsImRlbGV0ZSI6MTIwMDAwMDAwMDAwMCwidXBkYXRlIjo2MDAwMDAwMDAwMDB9LCJzY2hlbWFfdmVyc2lvbiI6IjEifQ==",
          "dependencies": [
            "aws_iam_instance_profile.consul-join",
            "aws_iam_role.consul-join",
            "aws_security_group.service-discovery-security-group"
          ]
        },
        {
          "index_key": 2,
          "schema_version": 1,
          "attributes": {
            "ami": "ami-024582e76075564db",
            "arn": "arn:aws:ec2:us-east-1:915127894447:instance/i-07f2b60dbcdd43da6",
            "associate_public_ip_address": true,
            "availability_zone": "us-east-1d",
            "cpu_core_count": 1,
            "cpu_threads_per_core": 1,
            "credit_specification": [
              {
                "cpu_credits": "standard"
              }
            ],
            "disable_api_termination": false,
            "ebs_block_device": [],
            "ebs_optimized": false,
            "ephemeral_block_device": [],
            "get_password_data": false,
            "host_id": null,
            "iam_instance_profile": "opsschool-consul-join",
            "id": "i-07f2b60dbcdd43da6",
            "instance_initiated_shutdown_behavior": null,
            "instance_state": "running",
            "instance_type": "t2.micro",
            "ipv6_address_count": 0,
            "ipv6_addresses": [],
            "key_name": "terraform",
            "monitoring": false,
            "network_interface": [],
            "network_interface_id": null,
            "password_data": "",
            "placement_group": "",
            "primary_network_interface_id": "eni-0bea237e54b9fafab",
            "private_dns": "ip-172-31-89-21.ec2.internal",
            "private_ip": "172.31.89.21",
            "public_dns": "ec2-3-87-206-63.compute-1.amazonaws.com",
            "public_ip": "3.87.206.63",
            "root_block_device": [
              {
                "delete_on_termination": true,
                "encrypted": false,
                "iops": 100,
                "kms_key_id": "",
                "volume_id": "vol-0099169f2ceba5a3b",
                "volume_size": 8,
                "volume_type": "gp2"
              }
            ],
            "security_groups": [
              "lesson1hw"
            ],
            "source_dest_check": true,
            "subnet_id": "subnet-abd5d485",
            "tags": {
              "Name": "consul-server2",
              "consul-server": "true"
            },
            "tenancy": "default",
            "timeouts": null,
            "user_data": "41bc6d11185a04d3e8c7a404641e322121dcf1a6",
            "user_data_base64": null,
            "volume_tags": {},
            "vpc_security_group_ids": [
              "sg-0e76b5fbe163fa2d4"
            ]
          },
          "private": "eyJlMmJmYjczMC1lY2FhLTExZTYtOGY4OC0zNDM2M2JjN2M0YzAiOnsiY3JlYXRlIjo2MDAwMDAwMDAwMDAsImRlbGV0ZSI6MTIwMDAwMDAwMDAwMCwidXBkYXRlIjo2MDAwMDAwMDAwMDB9LCJzY2hlbWFfdmVyc2lvbiI6IjEifQ==",
          "dependencies": [
            "aws_iam_instance_profile.consul-join",
            "aws_iam_role.consul-join",
            "aws_security_group.service-discovery-security-group"
          ]
        }
      ]
    },
    {
      "mode": "managed",
      "type": "aws_instance",
      "name": "web-server",
      "provider": "provider.aws",
      "instances": [
        {
          "schema_version": 1,
          "attributes": {
            "ami": "ami-024582e76075564db",
            "arn": "arn:aws:ec2:us-east-1:915127894447:instance/i-0d828d4fd52fabfb2",
            "associate_public_ip_address": true,
            "availability_zone": "us-east-1d",
            "cpu_core_count": 1,
            "cpu_threads_per_core": 1,
            "credit_specification": [
              {
                "cpu_credits": "standard"
              }
            ],
            "disable_api_termination": false,
            "ebs_block_device": [],
            "ebs_optimized": false,
            "ephemeral_block_device": [],
            "get_password_data": false,
            "host_id": null,
            "iam_instance_profile": "",
            "id": "i-0d828d4fd52fabfb2",
            "instance_initiated_shutdown_behavior": null,
            "instance_state": "running",
            "instance_type": "t2.micro",
            "ipv6_address_count": 0,
            "ipv6_addresses": [],
            "key_name": "terraform",
            "monitoring": false,
            "network_interface": [],
            "network_interface_id": null,
            "password_data": "",
            "placement_group": "",
            "primary_network_interface_id": "eni-0988acea74283fc8d",
            "private_dns": "ip-172-31-81-86.ec2.internal",
            "private_ip": "172.31.81.86",
            "public_dns": "ec2-54-209-80-43.compute-1.amazonaws.com",
            "public_ip": "54.209.80.43",
            "root_block_device": [
              {
                "delete_on_termination": true,
                "encrypted": false,
                "iops": 100,
                "kms_key_id": "",
                "volume_id": "vol-0109b360d9e5b8350",
                "volume_size": 8,
                "volume_type": "gp2"
              }
            ],
            "security_groups": [
              "lesson1hw"
            ],
            "source_dest_check": true,
            "subnet_id": "subnet-abd5d485",
            "tags": {
              "Name": "web-server"
            },
            "tenancy": "default",
            "timeouts": null,
            "user_data": "edca28bb26eb14ffcde8fe58ee9b6514983b3f15",
            "user_data_base64": null,
            "volume_tags": {},
            "vpc_security_group_ids": [
              "sg-0e76b5fbe163fa2d4"
            ]
          },
          "private": "eyJlMmJmYjczMC1lY2FhLTExZTYtOGY4OC0zNDM2M2JjN2M0YzAiOnsiY3JlYXRlIjo2MDAwMDAwMDAwMDAsImRlbGV0ZSI6MTIwMDAwMDAwMDAwMCwidXBkYXRlIjo2MDAwMDAwMDAwMDB9LCJzY2hlbWFfdmVyc2lvbiI6IjEifQ==",
          "dependencies": [
            "aws_security_group.service-discovery-security-group"
          ]
        }
      ]
    },
    {
      "mode": "managed",
      "type": "aws_security_group",
      "name": "service-discovery-security-group",
      "provider": "provider.aws",
      "instances": [
        {
          "schema_version": 1,
          "attributes": {
            "arn": "arn:aws:ec2:us-east-1:915127894447:security-group/sg-0e76b5fbe163fa2d4",
            "description": "Managed by Terraform",
            "egress": [
              {
                "cidr_blocks": [
                  "0.0.0.0/0"
                ],
                "description": "",
                "from_port": 0,
                "ipv6_cidr_blocks": [],
                "prefix_list_ids": [],
                "protocol": "-1",
                "security_groups": [],
                "self": false,
                "to_port": 0
              }
            ],
            "id": "sg-0e76b5fbe163fa2d4",
            "ingress": [
              {
                "cidr_blocks": [
                  "0.0.0.0/0"
                ],
                "description": "",
                "from_port": 22,
                "ipv6_cidr_blocks": [],
                "prefix_list_ids": [],
                "protocol": "tcp",
                "security_groups": [],
                "self": false,
                "to_port": 22
              },
              {
                "cidr_blocks": [
                  "0.0.0.0/0"
                ],
                "description": "",
                "from_port": 80,
                "ipv6_cidr_blocks": [],
                "prefix_list_ids": [],
                "protocol": "tcp",
                "security_groups": [],
                "self": false,
                "to_port": 80
              },
              {
                "cidr_blocks": [
                  "0.0.0.0/0"
                ],
                "description": "",
                "from_port": 8500,
                "ipv6_cidr_blocks": [],
                "prefix_list_ids": [],
                "protocol": "tcp",
                "security_groups": [],
                "self": false,
                "to_port": 8500
              }
            ],
            "name": "lesson1hw",
            "name_prefix": null,
            "owner_id": "915127894447",
            "revoke_rules_on_delete": false,
            "tags": null,
            "timeouts": null,
            "vpc_id": "vpc-29ebbc53"
          },
          "private": "eyJlMmJmYjczMC1lY2FhLTExZTYtOGY4OC0zNDM2M2JjN2M0YzAiOnsiY3JlYXRlIjo2MDAwMDAwMDAwMDAsImRlbGV0ZSI6NjAwMDAwMDAwMDAwfSwic2NoZW1hX3ZlcnNpb24iOiIxIn0="
        }
      ]
    }
  ]
}
